# THIS IS AN AUTOGENERATED FILE. DO NOT EDIT THIS FILE DIRECTLY.
# yarn lockfile v1


lodash@^4.17.15:
  version "4.17.19"
  resolved "https://registry.yarnpkg.com/lodash/-/lodash-4.17.19.tgz#e48ddedbe30b3321783c5b4301fbd353bc1e4a4b"
  integrity sha512-JNvd8XER9GQX0v2qJgsaN/mzFCNA5BRe/j8JN9d+tWyGLSodKQHKFicdwNYzWwI3wjRnaKPsGj1XkBjx/F96DQ==

mjml-web@4.6.3:
  version "4.6.3"
  resolved "https://registry.yarnpkg.com/mjml-web/-/mjml-web-4.6.3.tgz#e053cff28f4b4f1cb2f84bab58fe536a7e43b707"
  integrity sha512-ZO5U/4EsBbs7lC4uqdJ2xsFK0NsAPyxjVRvWj0r3nH8vAz+/DMJKMAdpEvAOILD/n7fFGMirWyI4vPOYFmPxmA==
